// !$*UTF8*$!
{
	archiveVersion = 1;
	classes = {
	};
	objectVersion = 77;
	objects = {

/* Begin PBXBuildFile section */
		0A949A502FD071F200BEF289 /* Loggable.swift in Sources */ = {isa = PBXBuildFile; fileRef = 0A949A4F2FD071F200BEF289 /* Loggable.swift */; };
		0A969CD62FE0270000AB82E7 /* LMDigestScreen.swift in Sources */ = {isa = PBXBuildFile; fileRef = 0A969CD72FE0270000AB82E7 /* LMDigestScreen.swift */; };
		0A969CD82FE0270000AB82E7 /* LMLibraryScreen.swift in Sources */ = {isa = PBXBuildFile; fileRef = 0A969CD92FE0270000AB82E7 /* LMLibraryScreen.swift */; };
		A0C8FB862F29ADD300E80EC1 /* ContentView.swift in Sources */ = {isa = PBXBuildFile; fileRef = A0C8FB802F29ADD300E80EC1 /* ContentView.swift */; };
		A0C8FB872F29ADD300E80EC1 /* Lume.xcdatamodeld in Sources */ = {isa = PBXBuildFile; fileRef = A0C8FB812F29ADD300E80EC1 /* Lume.xcdatamodeld */; };
		A0C8FB882F29ADD300E80EC1 /* LumeApp.swift in Sources */ = {isa = PBXBuildFile; fileRef = A0C8FB822F29ADD300E80EC1 /* LumeApp.swift */; };
		A0C8FB892F29ADD300E80EC1 /* Persistence.swift in Sources */ = {isa = PBXBuildFile; fileRef = A0C8FB832F29ADD300E80EC1 /* Persistence.swift */; };
		A0C8FB8A2F29ADD300E80EC1 /* Assets.xcassets in Resources */ = {isa = PBXBuildFile; fileRef = A0C8FB7F2F29ADD300E80EC1 /* Assets.xcassets */; };
		A0C8FB982F29AEE000E80EC1 /* production.xcconfig in Resources */ = {isa = PBXBuildFile; fileRef = A0C8FB962F29AEE000E80EC1 /* production.xcconfig */; };
		A0C8FB992F29AEE000E80EC1 /* dev.xcconfig in Resources */ = {isa = PBXBuildFile; fileRef = A0C8FB952F29AEE000E80EC1 /* dev.xcconfig */; };
		A0C8FB9D2F29AEEA00E80EC1 /* LMSplashScreen.swift in Sources */ = {isa = PBXBuildFile; fileRef = A0C8FB9A2F29AEEA00E80EC1 /* LMSplashScreen.swift */; };
		A0C8FBA32F29AEEF00E80EC1 /* LMOnboardingScreen.swift in Sources */ = {isa = PBXBuildFile; fileRef = A0C8FB9F2F29AEEF00E80EC1 /* LMOnboardingScreen.swift */; };
		A0C8FBA72F29AEF600E80EC1 /* LMAppRoute.swift in Sources */ = {isa = PBXBuildFile; fileRef = A0C8FBA42F29AEF600E80EC1 /* LMAppRoute.swift */; };
		A0C8FBA82F29AEF600E80EC1 /* LMRootScreen.swift in Sources */ = {isa = PBXBuildFile; fileRef = A0C8FBA52F29AEF600E80EC1 /* LMRootScreen.swift */; };
		A0C8FBAA2F29AF0200E80EC1 /* LMApplicationModule.swift in Sources */ = {isa = PBXBuildFile; fileRef = A0C8FBA92F29AF0200E80EC1 /* LMApplicationModule.swift */; };
		A0C8FBB62F29B00300E80EC1 /* LMUserDefaults.swift in Sources */ = {isa = PBXBuildFile; fileRef = A0C8FBB42F29B00300E80EC1 /* LMUserDefaults.swift */; };
		A0C8FBB92F29B00900E80EC1 /* LMPersistenceController.swift in Sources */ = {isa = PBXBuildFile; fileRef = A0C8FBB72F29B00900E80EC1 /* LMPersistenceController.swift */; };
		A0C8FBBD2F29B07400E80EC1 /* LMMainScreen.swift in Sources */ = {isa = PBXBuildFile; fileRef = A0C8FBBB2F29B07400E80EC1 /* LMMainScreen.swift */; };
		A0C8FBC02F29B09900E80EC1 /* EnvironmentKey+.swift in Sources */ = {isa = PBXBuildFile; fileRef = A0C8FBBF2F29B09900E80EC1 /* EnvironmentKey+.swift */; };
		A0C8FBC22F29B0A400E80EC1 /* AppConst.swift in Sources */ = {isa = PBXBuildFile; fileRef = A0C8FBC12F29B0A400E80EC1 /* AppConst.swift */; };
		B10000012F2A000100000001 /* LMRepository.swift in Sources */ = {isa = PBXBuildFile; fileRef = B10000012F2A000100000002 /* LMRepository.swift */; };
		B20000012F2B000100000001 /* Defaults in Frameworks */ = {isa = PBXBuildFile; productRef = B20000212F2B000100000001 /* Defaults */; };
		B20000022F2B000100000001 /* Logging in Frameworks */ = {isa = PBXBuildFile; productRef = B20000222F2B000100000001 /* Logging */; };
		B20000032F2B000100000001 /* Factory in Frameworks */ = {isa = PBXBuildFile; productRef = B20000232F2B000100000001 /* Factory */; };
		B20000042F2B000100000001 /* Alamofire in Frameworks */ = {isa = PBXBuildFile; productRef = B20000242F2B000100000001 /* Alamofire */; };
		B20000052F2B000100000001 /* Kingfisher in Frameworks */ = {isa = PBXBuildFile; productRef = B20000252F2B000100000001 /* Kingfisher */; };
		B20000312F2B000100000001 /* LMAppRouter.swift in Sources */ = {isa = PBXBuildFile; fileRef = B20000322F2B000100000001 /* LMAppRouter.swift */; };
		B30000012F30000100000001 /* LMGoogleOAuthConfiguration.swift in Sources */ = {isa = PBXBuildFile; fileRef = B30000112F30000100000001 /* LMGoogleOAuthConfiguration.swift */; };
		B30000022F30000100000001 /* LMGoogleOAuthError.swift in Sources */ = {isa = PBXBuildFile; fileRef = B30000122F30000100000001 /* LMGoogleOAuthError.swift */; };
		B30000032F30000100000001 /* LMGmailCredential.swift in Sources */ = {isa = PBXBuildFile; fileRef = B30000132F30000100000001 /* LMGmailCredential.swift */; };
		B30000042F30000100000001 /* LMGoogleOAuthTokenResponse.swift in Sources */ = {isa = PBXBuildFile; fileRef = B30000142F30000100000001 /* LMGoogleOAuthTokenResponse.swift */; };
		B30000052F30000100000001 /* LMGoogleOAuthTokenStore.swift in Sources */ = {isa = PBXBuildFile; fileRef = B30000152F30000100000001 /* LMGoogleOAuthTokenStore.swift */; };
		B30000062F30000100000001 /* LMGmailOAuthService.swift in Sources */ = {isa = PBXBuildFile; fileRef = B30000162F30000100000001 /* LMGmailOAuthService.swift */; };
		B30000072F30000100000001 /* LMDigestViewModel.swift in Sources */ = {isa = PBXBuildFile; fileRef = B30000172F30000100000001 /* LMDigestViewModel.swift */; };
		B30000082F30000100000001 /* LMGmailServiceError.swift in Sources */ = {isa = PBXBuildFile; fileRef = B30000182F30000100000001 /* LMGmailServiceError.swift */; };
		B30000092F30000100000001 /* LMGmailMessageListResponse.swift in Sources */ = {isa = PBXBuildFile; fileRef = B30000192F30000100000001 /* LMGmailMessageListResponse.swift */; };
		B300000A2F30000100000001 /* LMGmailMessageResponse.swift in Sources */ = {isa = PBXBuildFile; fileRef = B300001A2F30000100000001 /* LMGmailMessageResponse.swift */; };
		B300000B2F30000100000001 /* LMMediumDigestArticleLink.swift in Sources */ = {isa = PBXBuildFile; fileRef = B300001B2F30000100000001 /* LMMediumDigestArticleLink.swift */; };
		B300000C2F30000100000001 /* LMMediumDigestEmail.swift in Sources */ = {isa = PBXBuildFile; fileRef = B300001C2F30000100000001 /* LMMediumDigestEmail.swift */; };
		B300000D2F30000100000001 /* LMGmailDigestService.swift in Sources */ = {isa = PBXBuildFile; fileRef = B300001D2F30000100000001 /* LMGmailDigestService.swift */; };
		B300000E2F30000100000001 /* LMFreediumServiceError.swift in Sources */ = {isa = PBXBuildFile; fileRef = B300001E2F30000100000001 /* LMFreediumServiceError.swift */; };
		B30000102F30000100000001 /* LMFreediumContentService.swift in Sources */ = {isa = PBXBuildFile; fileRef = B30000202F30000100000001 /* LMFreediumContentService.swift */; };
		B30000112F30000100000002 /* LMDigestPostViewModel.swift in Sources */ = {isa = PBXBuildFile; fileRef = B30000212F30000100000002 /* LMDigestPostViewModel.swift */; };
		B30000122F30000100000002 /* LMDigestPostScreen.swift in Sources */ = {isa = PBXBuildFile; fileRef = B30000222F30000100000002 /* LMDigestPostScreen.swift */; };
		B30000142F30000100000002 /* LMDigestPostWebView.swift in Sources */ = {isa = PBXBuildFile; fileRef = B30000242F30000100000002 /* LMDigestPostWebView.swift */; };
/* End PBXBuildFile section */

/* Begin PBXFileReference section */
		0A949A4F2FD071F200BEF289 /* Loggable.swift */ = {isa = PBXFileReference; lastKnownFileType = sourcecode.swift; path = Loggable.swift; sourceTree = "<group>"; };
		0A969CD72FE0270000AB82E7 /* LMDigestScreen.swift */ = {isa = PBXFileReference; lastKnownFileType = sourcecode.swift; path = LMDigestScreen.swift; sourceTree = "<group>"; };
		0A969CD92FE0270000AB82E7 /* LMLibraryScreen.swift */ = {isa = PBXFileReference; lastKnownFileType = sourcecode.swift; path = LMLibraryScreen.swift; sourceTree = "<group>"; };
		A0C8FB6C2F29AD4100E80EC1 /* Lume.app */ = {isa = PBXFileReference; explicitFileType = wrapper.application; includeInIndex = 0; path = Lume.app; sourceTree = BUILT_PRODUCTS_DIR; };
		A0C8FB7F2F29ADD300E80EC1 /* Assets.xcassets */ = {isa = PBXFileReference; lastKnownFileType = folder.assetcatalog; path = Assets.xcassets; sourceTree = "<group>"; };
		A0C8FB802F29ADD300E80EC1 /* ContentView.swift */ = {isa = PBXFileReference; lastKnownFileType = sourcecode.swift; path = ContentView.swift; sourceTree = "<group>"; };
		A0C8FB822F29ADD300E80EC1 /* LumeApp.swift */ = {isa = PBXFileReference; lastKnownFileType = sourcecode.swift; path = LumeApp.swift; sourceTree = "<group>"; };
		A0C8FB832F29ADD300E80EC1 /* Persistence.swift */ = {isa = PBXFileReference; lastKnownFileType = sourcecode.swift; path = Persistence.swift; sourceTree = "<group>"; };
		A0C8FB852F29ADD300E80EC1 /* Lume.xcdatamodel */ = {isa = PBXFileReference; lastKnownFileType = wrapper.xcdatamodel; path = Lume.xcdatamodel; sourceTree = "<group>"; };
		A0C8FB8B2F29AE0B00E80EC1 /* Info.plist */ = {isa = PBXFileReference; lastKnownFileType = text.plist.xml; path = Info.plist; sourceTree = "<group>"; };
		A0C8FB952F29AEE000E80EC1 /* dev.xcconfig */ = {isa = PBXFileReference; lastKnownFileType = text.xcconfig; path = dev.xcconfig; sourceTree = "<group>"; };
		A0C8FB962F29AEE000E80EC1 /* production.xcconfig */ = {isa = PBXFileReference; lastKnownFileType = text.xcconfig; path = production.xcconfig; sourceTree = "<group>"; };
		A0C8FB9A2F29AEEA00E80EC1 /* LMSplashScreen.swift */ = {isa = PBXFileReference; lastKnownFileType = sourcecode.swift; path = LMSplashScreen.swift; sourceTree = "<group>"; };
		A0C8FB9F2F29AEEF00E80EC1 /* LMOnboardingScreen.swift */ = {isa = PBXFileReference; lastKnownFileType = sourcecode.swift; path = LMOnboardingScreen.swift; sourceTree = "<group>"; };
		A0C8FBA42F29AEF600E80EC1 /* LMAppRoute.swift */ = {isa = PBXFileReference; lastKnownFileType = sourcecode.swift; path = LMAppRoute.swift; sourceTree = "<group>"; };
		A0C8FBA52F29AEF600E80EC1 /* LMRootScreen.swift */ = {isa = PBXFileReference; lastKnownFileType = sourcecode.swift; path = LMRootScreen.swift; sourceTree = "<group>"; };
		A0C8FBA92F29AF0200E80EC1 /* LMApplicationModule.swift */ = {isa = PBXFileReference; lastKnownFileType = sourcecode.swift; path = LMApplicationModule.swift; sourceTree = "<group>"; };
		A0C8FBB42F29B00300E80EC1 /* LMUserDefaults.swift */ = {isa = PBXFileReference; lastKnownFileType = sourcecode.swift; path = LMUserDefaults.swift; sourceTree = "<group>"; };
		A0C8FBB72F29B00900E80EC1 /* LMPersistenceController.swift */ = {isa = PBXFileReference; lastKnownFileType = sourcecode.swift; path = LMPersistenceController.swift; sourceTree = "<group>"; };
		A0C8FBBB2F29B07400E80EC1 /* LMMainScreen.swift */ = {isa = PBXFileReference; lastKnownFileType = sourcecode.swift; path = LMMainScreen.swift; sourceTree = "<group>"; };
		A0C8FBBF2F29B09900E80EC1 /* EnvironmentKey+.swift */ = {isa = PBXFileReference; lastKnownFileType = sourcecode.swift; path = "EnvironmentKey+.swift"; sourceTree = "<group>"; };
		A0C8FBC12F29B0A400E80EC1 /* AppConst.swift */ = {isa = PBXFileReference; lastKnownFileType = sourcecode.swift; path = AppConst.swift; sourceTree = "<group>"; };
		B10000012F2A000100000002 /* LMRepository.swift */ = {isa = PBXFileReference; lastKnownFileType = sourcecode.swift; path = LMRepository.swift; sourceTree = "<group>"; };
		B20000322F2B000100000001 /* LMAppRouter.swift */ = {isa = PBXFileReference; lastKnownFileType = sourcecode.swift; path = LMAppRouter.swift; sourceTree = "<group>"; };
		B30000112F30000100000001 /* LMGoogleOAuthConfiguration.swift */ = {isa = PBXFileReference; lastKnownFileType = sourcecode.swift; path = LMGoogleOAuthConfiguration.swift; sourceTree = "<group>"; };
		B30000122F30000100000001 /* LMGoogleOAuthError.swift */ = {isa = PBXFileReference; lastKnownFileType = sourcecode.swift; path = LMGoogleOAuthError.swift; sourceTree = "<group>"; };
		B30000132F30000100000001 /* LMGmailCredential.swift */ = {isa = PBXFileReference; lastKnownFileType = sourcecode.swift; path = LMGmailCredential.swift; sourceTree = "<group>"; };
		B30000142F30000100000001 /* LMGoogleOAuthTokenResponse.swift */ = {isa = PBXFileReference; lastKnownFileType = sourcecode.swift; path = LMGoogleOAuthTokenResponse.swift; sourceTree = "<group>"; };
		B30000152F30000100000001 /* LMGoogleOAuthTokenStore.swift */ = {isa = PBXFileReference; lastKnownFileType = sourcecode.swift; path = LMGoogleOAuthTokenStore.swift; sourceTree = "<group>"; };
		B30000162F30000100000001 /* LMGmailOAuthService.swift */ = {isa = PBXFileReference; lastKnownFileType = sourcecode.swift; path = LMGmailOAuthService.swift; sourceTree = "<group>"; };
		B30000172F30000100000001 /* LMDigestViewModel.swift */ = {isa = PBXFileReference; lastKnownFileType = sourcecode.swift; path = LMDigestViewModel.swift; sourceTree = "<group>"; };
		B30000182F30000100000001 /* LMGmailServiceError.swift */ = {isa = PBXFileReference; lastKnownFileType = sourcecode.swift; path = LMGmailServiceError.swift; sourceTree = "<group>"; };
		B30000192F30000100000001 /* LMGmailMessageListResponse.swift */ = {isa = PBXFileReference; lastKnownFileType = sourcecode.swift; path = LMGmailMessageListResponse.swift; sourceTree = "<group>"; };
		B300001A2F30000100000001 /* LMGmailMessageResponse.swift */ = {isa = PBXFileReference; lastKnownFileType = sourcecode.swift; path = LMGmailMessageResponse.swift; sourceTree = "<group>"; };
		B300001B2F30000100000001 /* LMMediumDigestArticleLink.swift */ = {isa = PBXFileReference; lastKnownFileType = sourcecode.swift; path = LMMediumDigestArticleLink.swift; sourceTree = "<group>"; };
		B300001C2F30000100000001 /* LMMediumDigestEmail.swift */ = {isa = PBXFileReference; lastKnownFileType = sourcecode.swift; path = LMMediumDigestEmail.swift; sourceTree = "<group>"; };
		B300001D2F30000100000001 /* LMGmailDigestService.swift */ = {isa = PBXFileReference; lastKnownFileType = sourcecode.swift; path = LMGmailDigestService.swift; sourceTree = "<group>"; };
		B300001E2F30000100000001 /* LMFreediumServiceError.swift */ = {isa = PBXFileReference; lastKnownFileType = sourcecode.swift; path = LMFreediumServiceError.swift; sourceTree = "<group>"; };
		B30000202F30000100000001 /* LMFreediumContentService.swift */ = {isa = PBXFileReference; lastKnownFileType = sourcecode.swift; path = LMFreediumContentService.swift; sourceTree = "<group>"; };
		B30000212F30000100000002 /* LMDigestPostViewModel.swift */ = {isa = PBXFileReference; lastKnownFileType = sourcecode.swift; path = LMDigestPostViewModel.swift; sourceTree = "<group>"; };
		B30000222F30000100000002 /* LMDigestPostScreen.swift */ = {isa = PBXFileReference; lastKnownFileType = sourcecode.swift; path = LMDigestPostScreen.swift; sourceTree = "<group>"; };
		B30000242F30000100000002 /* LMDigestPostWebView.swift */ = {isa = PBXFileReference; lastKnownFileType = sourcecode.swift; path = LMDigestPostWebView.swift; sourceTree = "<group>"; };
/* End PBXFileReference section */

/* Begin PBXFrameworksBuildPhase section */
		A0C8FB692F29AD4100E80EC1 /* Frameworks */ = {
			isa = PBXFrameworksBuildPhase;
			buildActionMask = 2147483647;
			files = (
				B20000012F2B000100000001 /* Defaults in Frameworks */,
				B20000022F2B000100000001 /* Logging in Frameworks */,
				B20000032F2B000100000001 /* Factory in Frameworks */,
				B20000042F2B000100000001 /* Alamofire in Frameworks */,
				B20000052F2B000100000001 /* Kingfisher in Frameworks */,
			);
			runOnlyForDeploymentPostprocessing = 0;
		};
/* End PBXFrameworksBuildPhase section */

/* Begin PBXGroup section */
		0A969CD42FE026AE00AB82E7 /* Digest */ = {
			isa = PBXGroup;
			children = (
				B30000232F30000100000001 /* ViewModel */,
				0A969CD72FE0270000AB82E7 /* LMDigestScreen.swift */,
				B30000222F30000100000002 /* LMDigestPostScreen.swift */,
				B30000242F30000100000002 /* LMDigestPostWebView.swift */,
			);
			path = Digest;
			sourceTree = "<group>";
		};
		0A969CD52FE026BB00AB82E7 /* Library */ = {
			isa = PBXGroup;
			children = (
				0A969CD92FE0270000AB82E7 /* LMLibraryScreen.swift */,
			);
			path = Library;
			sourceTree = "<group>";
		};
		A0C8FB632F29AD4100E80EC1 = {
			isa = PBXGroup;
			children = (
				A0C8FB842F29ADD300E80EC1 /* Lume */,
				A0C8FB6D2F29AD4100E80EC1 /* Products */,
			);
			sourceTree = "<group>";
		};
		A0C8FB6D2F29AD4100E80EC1 /* Products */ = {
			isa = PBXGroup;
			children = (
				A0C8FB6C2F29AD4100E80EC1 /* Lume.app */,
			);
			name = Products;
			sourceTree = "<group>";
		};
		A0C8FB842F29ADD300E80EC1 /* Lume */ = {
			isa = PBXGroup;
			children = (
				A0C8FB8B2F29AE0B00E80EC1 /* Info.plist */,
				A0C8FB822F29ADD300E80EC1 /* LumeApp.swift */,
				A0C8FB8E2F29AE7100E80EC1 /* Data */,
				A0C8FB902F29AE7A00E80EC1 /* Repository */,
				A0C8FB8F2F29AE7600E80EC1 /* DI */,
				A0C8FB912F29AE7F00E80EC1 /* UI */,
				A0C8FB922F29AE8600E80EC1 /* Utils */,
				A0C8FB932F29AE8B00E80EC1 /* Config */,
				A0C8FB942F29AE9D00E80EC1 /* Res */,
				A0C8FB802F29ADD300E80EC1 /* ContentView.swift */,
				A0C8FB832F29ADD300E80EC1 /* Persistence.swift */,
			);
			path = Lume;
			sourceTree = "<group>";
		};
		A0C8FB8E2F29AE7100E80EC1 /* Data */ = {
			isa = PBXGroup;
			children = (
				B30000212F30000100000001 /* Remote */,
				A0C8FBB82F29B00900E80EC1 /* Database */,
				A0C8FBB52F29B00300E80EC1 /* UserDefaults */,
			);
			path = Data;
			sourceTree = "<group>";
		};
		A0C8FB8F2F29AE7600E80EC1 /* DI */ = {
			isa = PBXGroup;
			children = (
				A0C8FBA92F29AF0200E80EC1 /* LMApplicationModule.swift */,
			);
			path = DI;
			sourceTree = "<group>";
		};
		A0C8FB902F29AE7A00E80EC1 /* Repository */ = {
			isa = PBXGroup;
			children = (
				B10000012F2A000100000002 /* LMRepository.swift */,
			);
			path = Repository;
			sourceTree = "<group>";
		};
		A0C8FB912F29AE7F00E80EC1 /* UI */ = {
			isa = PBXGroup;
			children = (
				0A969CD52FE026BB00AB82E7 /* Library */,
				0A969CD42FE026AE00AB82E7 /* Digest */,
				A0C8FBA62F29AEF600E80EC1 /* Root */,
				A0C8FBBC2F29B07400E80EC1 /* Main */,
				A0C8FBA12F29AEEF00E80EC1 /* Onboarding */,
				A0C8FB9C2F29AEEA00E80EC1 /* Splash */,
			);
			path = UI;
			sourceTree = "<group>";
		};
		A0C8FB922F29AE8600E80EC1 /* Utils */ = {
			isa = PBXGroup;
			children = (
				0A949A4F2FD071F200BEF289 /* Loggable.swift */,
				A0C8FBC12F29B0A400E80EC1 /* AppConst.swift */,
				A0C8FBBF2F29B09900E80EC1 /* EnvironmentKey+.swift */,
			);
			path = Utils;
			sourceTree = "<group>";
		};
		A0C8FB932F29AE8B00E80EC1 /* Config */ = {
			isa = PBXGroup;
			children = (
				A0C8FB972F29AEE000E80EC1 /* xcconfigs */,
			);
			path = Config;
			sourceTree = "<group>";
		};
		A0C8FB942F29AE9D00E80EC1 /* Res */ = {
			isa = PBXGroup;
			children = (
				A0C8FB7F2F29ADD300E80EC1 /* Assets.xcassets */,
				A0C8FB812F29ADD300E80EC1 /* Lume.xcdatamodeld */,
			);
			path = Res;
			sourceTree = "<group>";
		};
		A0C8FB972F29AEE000E80EC1 /* xcconfigs */ = {
			isa = PBXGroup;
			children = (
				A0C8FB952F29AEE000E80EC1 /* dev.xcconfig */,
				A0C8FB962F29AEE000E80EC1 /* production.xcconfig */,
			);
			path = xcconfigs;
			sourceTree = "<group>";
		};
		A0C8FB9C2F29AEEA00E80EC1 /* Splash */ = {
			isa = PBXGroup;
			children = (
				A0C8FB9A2F29AEEA00E80EC1 /* LMSplashScreen.swift */,
			);
			path = Splash;
			sourceTree = "<group>";
		};
		A0C8FBA12F29AEEF00E80EC1 /* Onboarding */ = {
			isa = PBXGroup;
			children = (
				A0C8FB9F2F29AEEF00E80EC1 /* LMOnboardingScreen.swift */,
			);
			path = Onboarding;
			sourceTree = "<group>";
		};
		A0C8FBA62F29AEF600E80EC1 /* Root */ = {
			isa = PBXGroup;
			children = (
				A0C8FBA42F29AEF600E80EC1 /* LMAppRoute.swift */,
				B20000322F2B000100000001 /* LMAppRouter.swift */,
				A0C8FBA52F29AEF600E80EC1 /* LMRootScreen.swift */,
			);
			path = Root;
			sourceTree = "<group>";
		};
		A0C8FBB52F29B00300E80EC1 /* UserDefaults */ = {
			isa = PBXGroup;
			children = (
				A0C8FBB42F29B00300E80EC1 /* LMUserDefaults.swift */,
			);
			path = UserDefaults;
			sourceTree = "<group>";
		};
		A0C8FBB82F29B00900E80EC1 /* Database */ = {
			isa = PBXGroup;
			children = (
				A0C8FBB72F29B00900E80EC1 /* LMPersistenceController.swift */,
			);
			path = Database;
			sourceTree = "<group>";
		};
		A0C8FBBC2F29B07400E80EC1 /* Main */ = {
			isa = PBXGroup;
			children = (
				A0C8FBBB2F29B07400E80EC1 /* LMMainScreen.swift */,
			);
			path = Main;
			sourceTree = "<group>";
		};
		B30000212F30000100000001 /* Remote */ = {
			isa = PBXGroup;
			children = (
				B30000222F30000100000001 /* Auth */,
				B30000242F30000100000001 /* Gmail */,
				B30000252F30000100000001 /* Freedium */,
			);
			path = Remote;
			sourceTree = "<group>";
		};
		B30000222F30000100000001 /* Auth */ = {
			isa = PBXGroup;
			children = (
				B30000112F30000100000001 /* LMGoogleOAuthConfiguration.swift */,
				B30000122F30000100000001 /* LMGoogleOAuthError.swift */,
				B30000132F30000100000001 /* LMGmailCredential.swift */,
				B30000142F30000100000001 /* LMGoogleOAuthTokenResponse.swift */,
				B30000152F30000100000001 /* LMGoogleOAuthTokenStore.swift */,
				B30000162F30000100000001 /* LMGmailOAuthService.swift */,
			);
			path = Auth;
			sourceTree = "<group>";
		};
		B30000232F30000100000001 /* ViewModel */ = {
			isa = PBXGroup;
			children = (
				B30000172F30000100000001 /* LMDigestViewModel.swift */,
				B30000212F30000100000002 /* LMDigestPostViewModel.swift */,
			);
			path = ViewModel;
			sourceTree = "<group>";
		};
		B30000242F30000100000001 /* Gmail */ = {
			isa = PBXGroup;
			children = (
				B30000182F30000100000001 /* LMGmailServiceError.swift */,
				B30000192F30000100000001 /* LMGmailMessageListResponse.swift */,
				B300001A2F30000100000001 /* LMGmailMessageResponse.swift */,
				B300001B2F30000100000001 /* LMMediumDigestArticleLink.swift */,
				B300001C2F30000100000001 /* LMMediumDigestEmail.swift */,
				B300001D2F30000100000001 /* LMGmailDigestService.swift */,
			);
			path = Gmail;
			sourceTree = "<group>";
		};
		B30000252F30000100000001 /* Freedium */ = {
			isa = PBXGroup;
			children = (
				B300001E2F30000100000001 /* LMFreediumServiceError.swift */,
				B30000202F30000100000001 /* LMFreediumContentService.swift */,
			);
			path = Freedium;
			sourceTree = "<group>";
		};
/* End PBXGroup section */

/* Begin PBXNativeTarget section */
		A0C8FB6B2F29AD4100E80EC1 /* Lume */ = {
			isa = PBXNativeTarget;
			buildConfigurationList = A0C8FB7C2F29AD4200E80EC1 /* Build configuration list for PBXNativeTarget "Lume" */;
			buildPhases = (
				A0C8FB682F29AD4100E80EC1 /* Sources */,
				A0C8FB692F29AD4100E80EC1 /* Frameworks */,
				A0C8FB6A2F29AD4100E80EC1 /* Resources */,
			);
			buildRules = (
			);
			dependencies = (
			);
			name = Lume;
			packageProductDependencies = (
				B20000212F2B000100000001 /* Defaults */,
				B20000222F2B000100000001 /* Logging */,
				B20000232F2B000100000001 /* Factory */,
				B20000242F2B000100000001 /* Alamofire */,
				B20000252F2B000100000001 /* Kingfisher */,
			);
			productName = Lume;
			productReference = A0C8FB6C2F29AD4100E80EC1 /* Lume.app */;
			productType = "com.apple.product-type.application";
		};
/* End PBXNativeTarget section */

/* Begin PBXProject section */
		A0C8FB642F29AD4100E80EC1 /* Project object */ = {
			isa = PBXProject;
			attributes = {
				BuildIndependentTargetsInParallel = 1;
				LastSwiftUpdateCheck = 2620;
				LastUpgradeCheck = 2620;
				TargetAttributes = {
					A0C8FB6B2F29AD4100E80EC1 = {
						CreatedOnToolsVersion = 26.2;
					};
				};
			};
			buildConfigurationList = A0C8FB672F29AD4100E80EC1 /* Build configuration list for PBXProject "Lume" */;
			developmentRegion = en;
			hasScannedForEncodings = 0;
			knownRegions = (
				en,
				Base,
			);
			mainGroup = A0C8FB632F29AD4100E80EC1;
			minimizedProjectReferenceProxies = 1;
			packageReferences = (
				B20000112F2B000100000001 /* XCRemoteSwiftPackageReference "Defaults" */,
				B20000122F2B000100000001 /* XCRemoteSwiftPackageReference "swift-log" */,
				B20000132F2B000100000001 /* XCRemoteSwiftPackageReference "Factory" */,
				B20000142F2B000100000001 /* XCRemoteSwiftPackageReference "Alamofire" */,
				B20000152F2B000100000001 /* XCRemoteSwiftPackageReference "Kingfisher" */,
			);
			preferredProjectObjectVersion = 77;
			productRefGroup = A0C8FB6D2F29AD4100E80EC1 /* Products */;
			projectDirPath = "";
			projectRoot = "";
			targets = (
				A0C8FB6B2F29AD4100E80EC1 /* Lume */,
			);
		};
/* End PBXProject section */

/* Begin PBXResourcesBuildPhase section */
		A0C8FB6A2F29AD4100E80EC1 /* Resources */ = {
			isa = PBXResourcesBuildPhase;
			buildActionMask = 2147483647;
			files = (
				A0C8FB8A2F29ADD300E80EC1 /* Assets.xcassets in Resources */,
				A0C8FB982F29AEE000E80EC1 /* production.xcconfig in Resources */,
				A0C8FB992F29AEE000E80EC1 /* dev.xcconfig in Resources */,
			);
			runOnlyForDeploymentPostprocessing = 0;
		};
/* End PBXResourcesBuildPhase section */

/* Begin PBXSourcesBuildPhase section */
		A0C8FB682F29AD4100E80EC1 /* Sources */ = {
			isa = PBXSourcesBuildPhase;
			buildActionMask = 2147483647;
			files = (
				0A949A502FD071F200BEF289 /* Loggable.swift in Sources */,
				A0C8FB862F29ADD300E80EC1 /* ContentView.swift in Sources */,
				A0C8FBC22F29B0A400E80EC1 /* AppConst.swift in Sources */,
				0A969CD62FE0270000AB82E7 /* LMDigestScreen.swift in Sources */,
				A0C8FB9D2F29AEEA00E80EC1 /* LMSplashScreen.swift in Sources */,
				A0C8FB872F29ADD300E80EC1 /* Lume.xcdatamodeld in Sources */,
				A0C8FB882F29ADD300E80EC1 /* LumeApp.swift in Sources */,
				A0C8FBA72F29AEF600E80EC1 /* LMAppRoute.swift in Sources */,
				0A969CD82FE0270000AB82E7 /* LMLibraryScreen.swift in Sources */,
				A0C8FBA82F29AEF600E80EC1 /* LMRootScreen.swift in Sources */,
				B20000312F2B000100000001 /* LMAppRouter.swift in Sources */,
				A0C8FBC02F29B09900E80EC1 /* EnvironmentKey+.swift in Sources */,
				A0C8FBAA2F29AF0200E80EC1 /* LMApplicationModule.swift in Sources */,
				B30000072F30000100000001 /* LMDigestViewModel.swift in Sources */,
				B30000042F30000100000001 /* LMGoogleOAuthTokenResponse.swift in Sources */,
				B30000052F30000100000001 /* LMGoogleOAuthTokenStore.swift in Sources */,
				B10000012F2A000100000001 /* LMRepository.swift in Sources */,
				B300000A2F30000100000001 /* LMGmailMessageResponse.swift in Sources */,
				B30000022F30000100000001 /* LMGoogleOAuthError.swift in Sources */,
				A0C8FBB62F29B00300E80EC1 /* LMUserDefaults.swift in Sources */,
				B300000C2F30000100000001 /* LMMediumDigestEmail.swift in Sources */,
				B30000122F30000100000002 /* LMDigestPostScreen.swift in Sources */,
				B30000142F30000100000002 /* LMDigestPostWebView.swift in Sources */,
				B30000102F30000100000001 /* LMFreediumContentService.swift in Sources */,
				A0C8FBBD2F29B07400E80EC1 /* LMMainScreen.swift in Sources */,
				B300000D2F30000100000001 /* LMGmailDigestService.swift in Sources */,
				A0C8FBA32F29AEEF00E80EC1 /* LMOnboardingScreen.swift in Sources */,
				B30000082F30000100000001 /* LMGmailServiceError.swift in Sources */,
				B30000032F30000100000001 /* LMGmailCredential.swift in Sources */,
				B30000112F30000100000002 /* LMDigestPostViewModel.swift in Sources */,
				B30000092F30000100000001 /* LMGmailMessageListResponse.swift in Sources */,
				B30000062F30000100000001 /* LMGmailOAuthService.swift in Sources */,
				B300000E2F30000100000001 /* LMFreediumServiceError.swift in Sources */,
				B300000B2F30000100000001 /* LMMediumDigestArticleLink.swift in Sources */,
				B30000012F30000100000001 /* LMGoogleOAuthConfiguration.swift in Sources */,
				A0C8FB892F29ADD300E80EC1 /* Persistence.swift in Sources */,
				A0C8FBB92F29B00900E80EC1 /* LMPersistenceController.swift in Sources */,
			);
			runOnlyForDeploymentPostprocessing = 0;
		};
/* End PBXSourcesBuildPhase section */

/* Begin XCBuildConfiguration section */
		A0C8FB7A2F29AD4200E80EC1 /* Debug */ = {
			isa = XCBuildConfiguration;
			buildSettings = {
				ALWAYS_SEARCH_USER_PATHS = NO;
				ASSETCATALOG_COMPILER_GENERATE_SWIFT_ASSET_SYMBOL_EXTENSIONS = YES;
				CLANG_ANALYZER_NONNULL = YES;
				CLANG_ANALYZER_NUMBER_OBJECT_CONVERSION = YES_AGGRESSIVE;
				CLANG_CXX_LANGUAGE_STANDARD = "gnu++20";
				CLANG_ENABLE_MODULES = YES;
				CLANG_ENABLE_OBJC_ARC = YES;
				CLANG_ENABLE_OBJC_WEAK = YES;
				CLANG_WARN_BLOCK_CAPTURE_AUTORELEASING = YES;
				CLANG_WARN_BOOL_CONVERSION = YES;
				CLANG_WARN_COMMA = YES;
				CLANG_WARN_CONSTANT_CONVERSION = YES;
				CLANG_WARN_DEPRECATED_OBJC_IMPLEMENTATIONS = YES;
				CLANG_WARN_DIRECT_OBJC_ISA_USAGE = YES_ERROR;
				CLANG_WARN_DOCUMENTATION_COMMENTS = YES;
				CLANG_WARN_EMPTY_BODY = YES;
				CLANG_WARN_ENUM_CONVERSION = YES;
				CLANG_WARN_INFINITE_RECURSION = YES;
				CLANG_WARN_INT_CONVERSION = YES;
				CLANG_WARN_NON_LITERAL_NULL_CONVERSION = YES;
				CLANG_WARN_OBJC_IMPLICIT_RETAIN_SELF = YES;
				CLANG_WARN_OBJC_LITERAL_CONVERSION = YES;
				CLANG_WARN_OBJC_ROOT_CLASS = YES_ERROR;
				CLANG_WARN_QUOTED_INCLUDE_IN_FRAMEWORK_HEADER = YES;
				CLANG_WARN_RANGE_LOOP_ANALYSIS = YES;
				CLANG_WARN_STRICT_PROTOTYPES = YES;
				CLANG_WARN_SUSPICIOUS_MOVE = YES;
				CLANG_WARN_UNGUARDED_AVAILABILITY = YES_AGGRESSIVE;
				CLANG_WARN_UNREACHABLE_CODE = YES;
				CLANG_WARN__DUPLICATE_METHOD_MATCH = YES;
				COPY_PHASE_STRIP = NO;
				DEBUG_INFORMATION_FORMAT = dwarf;
				DEVELOPMENT_TEAM = 48SGC99S3Q;
				ENABLE_STRICT_OBJC_MSGSEND = YES;
				ENABLE_TESTABILITY = YES;
				ENABLE_USER_SCRIPT_SANDBOXING = YES;
				GCC_C_LANGUAGE_STANDARD = gnu17;
				GCC_DYNAMIC_NO_PIC = NO;
				GCC_NO_COMMON_BLOCKS = YES;
				GCC_OPTIMIZATION_LEVEL = 0;
				GCC_PREPROCESSOR_DEFINITIONS = (
					"DEBUG=1",
					"$(inherited)",
				);
				GCC_WARN_64_TO_32_BIT_CONVERSION = YES;
				GCC_WARN_ABOUT_RETURN_TYPE = YES_ERROR;
				GCC_WARN_UNDECLARED_SELECTOR = YES;
				GCC_WARN_UNINITIALIZED_AUTOS = YES_AGGRESSIVE;
				GCC_WARN_UNUSED_FUNCTION = YES;
				GCC_WARN_UNUSED_VARIABLE = YES;
				LOCALIZATION_PREFERS_STRING_CATALOGS = YES;
				MTL_ENABLE_DEBUG_INFO = INCLUDE_SOURCE;
				MTL_FAST_MATH = YES;
				ONLY_ACTIVE_ARCH = YES;
				SWIFT_ACTIVE_COMPILATION_CONDITIONS = "DEBUG $(inherited)";
				SWIFT_OPTIMIZATION_LEVEL = "-Onone";
			};
			name = Debug;
		};
		A0C8FB7B2F29AD4200E80EC1 /* Release */ = {
			isa = XCBuildConfiguration;
			buildSettings = {
				ALWAYS_SEARCH_USER_PATHS = NO;
				ASSETCATALOG_COMPILER_GENERATE_SWIFT_ASSET_SYMBOL_EXTENSIONS = YES;
				CLANG_ANALYZER_NONNULL = YES;
				CLANG_ANALYZER_NUMBER_OBJECT_CONVERSION = YES_AGGRESSIVE;
				CLANG_CXX_LANGUAGE_STANDARD = "gnu++20";
				CLANG_ENABLE_MODULES = YES;
				CLANG_ENABLE_OBJC_ARC = YES;
				CLANG_ENABLE_OBJC_WEAK = YES;
				CLANG_WARN_BLOCK_CAPTURE_AUTORELEASING = YES;
				CLANG_WARN_BOOL_CONVERSION = YES;
				CLANG_WARN_COMMA = YES;
				CLANG_WARN_CONSTANT_CONVERSION = YES;
				CLANG_WARN_DEPRECATED_OBJC_IMPLEMENTATIONS = YES;
				CLANG_WARN_DIRECT_OBJC_ISA_USAGE = YES_ERROR;
				CLANG_WARN_DOCUMENTATION_COMMENTS = YES;
				CLANG_WARN_EMPTY_BODY = YES;
				CLANG_WARN_ENUM_CONVERSION = YES;
				CLANG_WARN_INFINITE_RECURSION = YES;
				CLANG_WARN_INT_CONVERSION = YES;
				CLANG_WARN_NON_LITERAL_NULL_CONVERSION = YES;
				CLANG_WARN_OBJC_IMPLICIT_RETAIN_SELF = YES;
				CLANG_WARN_OBJC_LITERAL_CONVERSION = YES;
				CLANG_WARN_OBJC_ROOT_CLASS = YES_ERROR;
				CLANG_WARN_QUOTED_INCLUDE_IN_FRAMEWORK_HEADER = YES;
				CLANG_WARN_RANGE_LOOP_ANALYSIS = YES;
				CLANG_WARN_STRICT_PROTOTYPES = YES;
				CLANG_WARN_SUSPICIOUS_MOVE = YES;
				CLANG_WARN_UNGUARDED_AVAILABILITY = YES_AGGRESSIVE;
				CLANG_WARN_UNREACHABLE_CODE = YES;
				CLANG_WARN__DUPLICATE_METHOD_MATCH = YES;
				COPY_PHASE_STRIP = NO;
				DEBUG_INFORMATION_FORMAT = "dwarf-with-dsym";
				DEVELOPMENT_TEAM = 48SGC99S3Q;
				ENABLE_NS_ASSERTIONS = NO;
				ENABLE_STRICT_OBJC_MSGSEND = YES;
				ENABLE_USER_SCRIPT_SANDBOXING = YES;
				GCC_C_LANGUAGE_STANDARD = gnu17;
				GCC_NO_COMMON_BLOCKS = YES;
				GCC_WARN_64_TO_32_BIT_CONVERSION = YES;
				GCC_WARN_ABOUT_RETURN_TYPE = YES_ERROR;
				GCC_WARN_UNDECLARED_SELECTOR = YES;
				GCC_WARN_UNINITIALIZED_AUTOS = YES_AGGRESSIVE;
				GCC_WARN_UNUSED_FUNCTION = YES;
				GCC_WARN_UNUSED_VARIABLE = YES;
				LOCALIZATION_PREFERS_STRING_CATALOGS = YES;
				MTL_ENABLE_DEBUG_INFO = NO;
				MTL_FAST_MATH = YES;
				SWIFT_COMPILATION_MODE = wholemodule;
			};
			name = Release;
		};
		A0C8FB7D2F29AD4200E80EC1 /* Debug */ = {
			isa = XCBuildConfiguration;
			buildSettings = {
				ASSETCATALOG_COMPILER_APPICON_NAME = AppIcon;
				ASSETCATALOG_COMPILER_GLOBAL_ACCENT_COLOR_NAME = AccentColor;
				ASSETCATALOG_COMPILER_INCLUDE_ALL_APPICON_ASSETS = YES;
				CODE_SIGN_STYLE = Automatic;
				CURRENT_PROJECT_VERSION = 1;
				DEVELOPMENT_TEAM = 7SS5ZMN85B;
				ENABLE_APP_SANDBOX = YES;
				ENABLE_HARDENED_RUNTIME = YES;
				ENABLE_PREVIEWS = YES;
				ENABLE_USER_SELECTED_FILES = readonly;
				GENERATE_INFOPLIST_FILE = YES;
				INFOPLIST_FILE = Lume/Info.plist;
				INFOPLIST_KEY_CFBundleDisplayName = Lume;
				"INFOPLIST_KEY_UIApplicationSceneManifest_Generation[sdk=iphoneos*]" = YES;
				"INFOPLIST_KEY_UIApplicationSceneManifest_Generation[sdk=iphonesimulator*]" = YES;
				"INFOPLIST_KEY_UIApplicationSupportsIndirectInputEvents[sdk=iphoneos*]" = YES;
				"INFOPLIST_KEY_UIApplicationSupportsIndirectInputEvents[sdk=iphonesimulator*]" = YES;
				"INFOPLIST_KEY_UILaunchScreen_Generation[sdk=iphoneos*]" = YES;
				"INFOPLIST_KEY_UILaunchScreen_Generation[sdk=iphonesimulator*]" = YES;
				INFOPLIST_KEY_UIStatusBarHidden = YES;
				"INFOPLIST_KEY_UIStatusBarStyle[sdk=iphoneos*]" = UIStatusBarStyleDefault;
				"INFOPLIST_KEY_UIStatusBarStyle[sdk=iphonesimulator*]" = UIStatusBarStyleDefault;
				INFOPLIST_KEY_UISupportedInterfaceOrientations_iPad = "UIInterfaceOrientationPortrait UIInterfaceOrientationPortraitUpsideDown UIInterfaceOrientationLandscapeLeft UIInterfaceOrientationLandscapeRight";
				INFOPLIST_KEY_UISupportedInterfaceOrientations_iPhone = "UIInterfaceOrientationPortrait UIInterfaceOrientationLandscapeLeft UIInterfaceOrientationLandscapeRight";
				GOOGLE_OAUTH_CLIENT_ID = "1006082433882-spheur322tk08eunh47m0a7t7airfvt9.apps.googleusercontent.com";
				GOOGLE_OAUTH_REDIRECT_SCHEME = "com.googleusercontent.apps.1006082433882-spheur322tk08eunh47m0a7t7airfvt9";
				IPHONEOS_DEPLOYMENT_TARGET = 18.0;
				LD_RUNPATH_SEARCH_PATHS = "@executable_path/Frameworks";
				"LD_RUNPATH_SEARCH_PATHS[sdk=macosx*]" = "@executable_path/../Frameworks";
				MACOSX_DEPLOYMENT_TARGET = 26.2;
				MARKETING_VERSION = 1.0;
				PRODUCT_BUNDLE_IDENTIFIER = com.hungle.freed.digest;
				PRODUCT_NAME = Lume;
				REGISTER_APP_GROUPS = YES;
				SDKROOT = auto;
				STRING_CATALOG_GENERATE_SYMBOLS = YES;
				SUPPORTED_PLATFORMS = "iphoneos iphonesimulator";
				SUPPORTS_MACCATALYST = NO;
				SWIFT_APPROACHABLE_CONCURRENCY = YES;
				SWIFT_DEFAULT_ACTOR_ISOLATION = MainActor;
				SWIFT_EMIT_LOC_STRINGS = YES;
				SWIFT_UPCOMING_FEATURE_MEMBER_IMPORT_VISIBILITY = YES;
				SWIFT_VERSION = 5.0;
				TARGETED_DEVICE_FAMILY = 1;
				XROS_DEPLOYMENT_TARGET = 26.2;
			};
			name = Debug;
		};
		A0C8FB7E2F29AD4200E80EC1 /* Release */ = {
			isa = XCBuildConfiguration;
			buildSettings = {
				ASSETCATALOG_COMPILER_APPICON_NAME = AppIcon;
				ASSETCATALOG_COMPILER_GLOBAL_ACCENT_COLOR_NAME = AccentColor;
				ASSETCATALOG_COMPILER_INCLUDE_ALL_APPICON_ASSETS = YES;
				CODE_SIGN_STYLE = Automatic;
				CURRENT_PROJECT_VERSION = 1;
				DEVELOPMENT_TEAM = 7SS5ZMN85B;
				ENABLE_APP_SANDBOX = YES;
				ENABLE_HARDENED_RUNTIME = YES;
				ENABLE_PREVIEWS = YES;
				ENABLE_USER_SELECTED_FILES = readonly;
				GENERATE_INFOPLIST_FILE = YES;
				INFOPLIST_FILE = Lume/Info.plist;
				INFOPLIST_KEY_CFBundleDisplayName = Lume;
				"INFOPLIST_KEY_UIApplicationSceneManifest_Generation[sdk=iphoneos*]" = YES;
				"INFOPLIST_KEY_UIApplicationSceneManifest_Generation[sdk=iphonesimulator*]" = YES;
				"INFOPLIST_KEY_UIApplicationSupportsIndirectInputEvents[sdk=iphoneos*]" = YES;
				"INFOPLIST_KEY_UIApplicationSupportsIndirectInputEvents[sdk=iphonesimulator*]" = YES;
				"INFOPLIST_KEY_UILaunchScreen_Generation[sdk=iphoneos*]" = YES;
				"INFOPLIST_KEY_UILaunchScreen_Generation[sdk=iphonesimulator*]" = YES;
				INFOPLIST_KEY_UIStatusBarHidden = YES;
				"INFOPLIST_KEY_UIStatusBarStyle[sdk=iphoneos*]" = UIStatusBarStyleDefault;
				"INFOPLIST_KEY_UIStatusBarStyle[sdk=iphonesimulator*]" = UIStatusBarStyleDefault;
				INFOPLIST_KEY_UISupportedInterfaceOrientations_iPad = "UIInterfaceOrientationPortrait UIInterfaceOrientationPortraitUpsideDown UIInterfaceOrientationLandscapeLeft UIInterfaceOrientationLandscapeRight";
				INFOPLIST_KEY_UISupportedInterfaceOrientations_iPhone = "UIInterfaceOrientationPortrait UIInterfaceOrientationLandscapeLeft UIInterfaceOrientationLandscapeRight";
				GOOGLE_OAUTH_CLIENT_ID = "1006082433882-spheur322tk08eunh47m0a7t7airfvt9.apps.googleusercontent.com";
				GOOGLE_OAUTH_REDIRECT_SCHEME = "com.googleusercontent.apps.1006082433882-spheur322tk08eunh47m0a7t7airfvt9";
				IPHONEOS_DEPLOYMENT_TARGET = 18.0;
				LD_RUNPATH_SEARCH_PATHS = "@executable_path/Frameworks";
				"LD_RUNPATH_SEARCH_PATHS[sdk=macosx*]" = "@executable_path/../Frameworks";
				MACOSX_DEPLOYMENT_TARGET = 26.2;
				MARKETING_VERSION = 1.0;
				PRODUCT_BUNDLE_IDENTIFIER = com.hungle.freed.digest;
				PRODUCT_NAME = Lume;
				REGISTER_APP_GROUPS = YES;
				SDKROOT = auto;
				STRING_CATALOG_GENERATE_SYMBOLS = YES;
				SUPPORTED_PLATFORMS = "iphoneos iphonesimulator";
				SUPPORTS_MACCATALYST = NO;
				SWIFT_APPROACHABLE_CONCURRENCY = YES;
				SWIFT_DEFAULT_ACTOR_ISOLATION = MainActor;
				SWIFT_EMIT_LOC_STRINGS = YES;
				SWIFT_UPCOMING_FEATURE_MEMBER_IMPORT_VISIBILITY = YES;
				SWIFT_VERSION = 5.0;
				TARGETED_DEVICE_FAMILY = 1;
				XROS_DEPLOYMENT_TARGET = 26.2;
			};
			name = Release;
		};
/* End XCBuildConfiguration section */

/* Begin XCConfigurationList section */
		A0C8FB672F29AD4100E80EC1 /* Build configuration list for PBXProject "Lume" */ = {
			isa = XCConfigurationList;
			buildConfigurations = (
				A0C8FB7A2F29AD4200E80EC1 /* Debug */,
				A0C8FB7B2F29AD4200E80EC1 /* Release */,
			);
			defaultConfigurationIsVisible = 0;
			defaultConfigurationName = Release;
		};
		A0C8FB7C2F29AD4200E80EC1 /* Build configuration list for PBXNativeTarget "Lume" */ = {
			isa = XCConfigurationList;
			buildConfigurations = (
				A0C8FB7D2F29AD4200E80EC1 /* Debug */,
				A0C8FB7E2F29AD4200E80EC1 /* Release */,
			);
			defaultConfigurationIsVisible = 0;
			defaultConfigurationName = Release;
		};
/* End XCConfigurationList section */

/* Begin XCRemoteSwiftPackageReference section */
		B20000112F2B000100000001 /* XCRemoteSwiftPackageReference "Defaults" */ = {
			isa = XCRemoteSwiftPackageReference;
			repositoryURL = "https://github.com/sindresorhus/Defaults.git";
			requirement = {
				kind = upToNextMajorVersion;
				minimumVersion = 9.0.6;
			};
		};
		B20000122F2B000100000001 /* XCRemoteSwiftPackageReference "swift-log" */ = {
			isa = XCRemoteSwiftPackageReference;
			repositoryURL = "https://github.com/apple/swift-log.git";
			requirement = {
				kind = upToNextMajorVersion;
				minimumVersion = 1.10.1;
			};
		};
		B20000132F2B000100000001 /* XCRemoteSwiftPackageReference "Factory" */ = {
			isa = XCRemoteSwiftPackageReference;
			repositoryURL = "https://github.com/hmlongco/Factory.git";
			requirement = {
				kind = upToNextMajorVersion;
				minimumVersion = 2.5.3;
			};
		};
		B20000142F2B000100000001 /* XCRemoteSwiftPackageReference "Alamofire" */ = {
			isa = XCRemoteSwiftPackageReference;
			repositoryURL = "https://github.com/Alamofire/Alamofire.git";
			requirement = {
				kind = upToNextMajorVersion;
				minimumVersion = 5.11.1;
			};
		};
		B20000152F2B000100000001 /* XCRemoteSwiftPackageReference "Kingfisher" */ = {
			isa = XCRemoteSwiftPackageReference;
			repositoryURL = "https://github.com/onevcat/Kingfisher.git";
			requirement = {
				kind = upToNextMajorVersion;
				minimumVersion = 8.8.0;
			};
		};
/* End XCRemoteSwiftPackageReference section */

/* Begin XCSwiftPackageProductDependency section */
		B20000212F2B000100000001 /* Defaults */ = {
			isa = XCSwiftPackageProductDependency;
			package = B20000112F2B000100000001 /* XCRemoteSwiftPackageReference "Defaults" */;
			productName = Defaults;
		};
		B20000222F2B000100000001 /* Logging */ = {
			isa = XCSwiftPackageProductDependency;
			package = B20000122F2B000100000001 /* XCRemoteSwiftPackageReference "swift-log" */;
			productName = Logging;
		};
		B20000232F2B000100000001 /* Factory */ = {
			isa = XCSwiftPackageProductDependency;
			package = B20000132F2B000100000001 /* XCRemoteSwiftPackageReference "Factory" */;
			productName = Factory;
		};
		B20000242F2B000100000001 /* Alamofire */ = {
			isa = XCSwiftPackageProductDependency;
			package = B20000142F2B000100000001 /* XCRemoteSwiftPackageReference "Alamofire" */;
			productName = Alamofire;
		};
		B20000252F2B000100000001 /* Kingfisher */ = {
			isa = XCSwiftPackageProductDependency;
			package = B20000152F2B000100000001 /* XCRemoteSwiftPackageReference "Kingfisher" */;
			productName = Kingfisher;
		};
/* End XCSwiftPackageProductDependency section */

/* Begin XCVersionGroup section */
		A0C8FB812F29ADD300E80EC1 /* Lume.xcdatamodeld */ = {
			isa = XCVersionGroup;
			children = (
				A0C8FB852F29ADD300E80EC1 /* Lume.xcdatamodel */,
			);
			currentVersion = A0C8FB852F29ADD300E80EC1 /* Lume.xcdatamodel */;
			path = Lume.xcdatamodeld;
			sourceTree = "<group>";
			versionGroupType = wrapper.xcdatamodel;
		};
/* End XCVersionGroup section */
	};
	rootObject = A0C8FB642F29AD4100E80EC1 /* Project object */;
}
